# THIS IS AN AUTOGENERATED FILE. DO NOT EDIT THIS FILE DIRECTLY.
# yarn lockfile v1


"@rtsao/csstype@2.6.5-forked.0":
  version "2.6.5-forked.0"
  resolved "https://registry.yarnpkg.com/@rtsao/csstype/-/csstype-2.6.5-forked.0.tgz#b5b4e2a07ad83a91874ebf5fabdb73dc8c1632f6"
  integrity sha512-0HwnY8uPWcCloTgdbbaJG3MbDUfNf6yKWZfCKxFv9yj2Sbp4mSKaIjC7Cr/5L4hMxvrrk85CU3wlAg7EtBBJ1Q==

css-in-js-utils@^2.0.0:
  version "2.0.1"
  resolved "https://registry.yarnpkg.com/css-in-js-utils/-/css-in-js-utils-2.0.1.tgz#3b472b398787291b47cfe3e44fecfdd9e914ba99"
  integrity sha512-PJF0SpJT+WdbVVt0AOYp9C8GnuruRlL/UFW7932nLWmFLQTaWEzTBQEx7/hn4BuV+WON75iAViSUJLiU3PKbpA==
  dependencies:
    hyphenate-style-name "^1.0.2"
    isobject "^3.0.1"

hyphenate-style-name@^1.0.2:
  version "1.0.4"
  resolved "https://registry.yarnpkg.com/hyphenate-style-name/-/hyphenate-style-name-1.0.4.tgz#691879af8e220aea5750e8827db4ef62a54e361d"
  integrity sha512-ygGZLjmXfPHj+ZWh6LwbC37l43MhfztxetbFCoYTM2VjkIUpeHgSNn7QIyVFj7YQ1Wl9Cbw5sholVJPzWvC2MQ==

inline-style-prefixer@^5.1.0:
  version "5.1.2"
  resolved "https://registry.yarnpkg.com/inline-style-prefixer/-/inline-style-prefixer-5.1.2.tgz#e5a5a3515e25600e016b71e39138971228486c33"
  integrity sha512-PYUF+94gDfhy+LsQxM0g3d6Hge4l1pAqOSOiZuHWzMvQEGsbRQ/ck2WioLqrY2ZkHyPgVUXxn+hrkF7D6QUGbA==
  dependencies:
    css-in-js-utils "^2.0.0"

isobject@^3.0.1:
  version "3.0.1"
  resolved "https://registry.yarnpkg.com/isobject/-/isobject-3.0.1.tgz#4e431e92b11a9731636aa1f9c8d1ccbcfdab78df"
  integrity sha1-TkMekrEalzFjaqH5yNHMvP2reN8=

prettier-plugin-svelte@^2.3.1:
  version "2.3.1"
  resolved "https://registry.yarnpkg.com/prettier-plugin-svelte/-/prettier-plugin-svelte-2.3.1.tgz#926184a490549688dbea0a8d61c1b1ae20218368"
  integrity sha512-F1/r6OYoBq8Zgurhs1MN25tdrhPw0JW5JjioPRqpxbYdmrZ3gY/DzHGs0B6zwd4DLyRsfGB2gqhxUCbHt/D1fw==

prettier@^2.3.2:
  version "2.3.2"
  resolved "https://registry.yarnpkg.com/prettier/-/prettier-2.3.2.tgz#ef280a05ec253712e486233db5c6f23441e7342d"
  integrity sha512-lnJzDfJ66zkMy58OL5/NY5zp70S7Nz6KqcKkXYzn2tMVrNxvbqaBpg7H3qHaLxCJ5lNMsGuM8+ohS7cZrthdLQ==

styletron-engine-atomic@^1.4.8:
  version "1.4.8"
  resolved "https://registry.yarnpkg.com/styletron-engine-atomic/-/styletron-engine-atomic-1.4.8.tgz#3cab053e6d8e930fc2cd3f36dfbda1e9da8576ae"
  integrity sha512-KLyDkigcIrIMzUlX0usBfO/BBwnh1yC/48+DqP4LSZn8UgGP00oStxoezAH8pYhal1amvBJ7tLVs7tNZDUTAdg==
  dependencies:
    inline-style-prefixer "^5.1.0"
    styletron-standard "^3.0.5"

styletron-standard@^3.0.5:
  version "3.0.5"
  resolved "https://registry.yarnpkg.com/styletron-standard/-/styletron-standard-3.0.5.tgz#35dd4a584d668ef73b145988cdbece69a1e39085"
  integrity sha512-0paxpsQg2QnlapGLnM49yEPZ015VEi/ovys9Hu0wBduimKshYUZLLl1Emfs5jx1LHVXrDn4j+DYVclJGWJC7Jw==
  dependencies:
    "@rtsao/csstype" "2.6.5-forked.0"
    inline-style-prefixer "^5.1.0"

svelte@^3.38.3:
  version "3.38.3"
  resolved "https://registry.yarnpkg.com/svelte/-/svelte-3.38.3.tgz#e15a1da98ee4b10162a6c8cb4c80aa86b2b589ed"
  integrity sha512-N7bBZJH0iF24wsalFZF+fVYMUOigaAUQMIcEKHO3jstK/iL8VmP9xE+P0/a76+FkNcWt+TDv2Gx1taUoUscrvw==
